
Microsoft Visual Studio Solution File, Format Version 12.00
# Visual Studio Version 16
VisualStudioVersion = 16.0.33328.57
MinimumVisualStudioVersion = 10.0.40219.1
Project("{888888A0-9F3D-457C-B088-3A5042F75D52}") = "Interview question 4", "Interview question 4\Interview question 4.pyproj", "{6CB00091-2A85-4056-A98B-52DCF5AFE77C}"
EndProject
Global
	GlobalSection(SolutionConfigurationPlatforms) = preSolution
		Debug|Any CPU = Debug|Any CPU
		Release|Any CPU = Release|Any CPU
	EndGlobalSection
	GlobalSection(ProjectConfigurationPlatforms) = postSolution
		{6CB00091-2A85-4056-A98B-52DCF5AFE77C}.Debug|Any CPU.ActiveCfg = Debug|Any CPU
		{6CB00091-2A85-4056-A98B-52DCF5AFE77C}.Release|Any CPU.ActiveCfg = Release|Any CPU
	EndGlobalSection
	GlobalSection(SolutionProperties) = preSolution
		HideSolutionNode = FALSE
	EndGlobalSection
	GlobalSection(ExtensibilityGlobals) = postSolution
		SolutionGuid = {11596ADB-1A01-40F9-A146-CE1794DF9A10}
	EndGlobalSection
EndGlobal
